
Microsoft Visual Studio Solution File, Format Version 12.00
# Visual Studio Version 17
VisualStudioVersion = 17.11.35312.102
MinimumVisualStudioVersion = 10.0.40219.1
Project("{9A19103F-16F7-4668-BE54-9A1E7A4F7556}") = "FitnessWorkout", "FitnessWorkout\FitnessWorkout.csproj", "{42D834EC-13A3-4D62-BFB5-8FC2FBCEFD7D}"
EndProject
Global
	GlobalSection(SolutionConfigurationPlatforms) = preSolution
		Debug|Any CPU = Debug|Any CPU
		Release|Any CPU = Release|Any CPU
	EndGlobalSection
	GlobalSection(ProjectConfigurationPlatforms) = postSolution
		{42D834EC-13A3-4D62-BFB5-8FC2FBCEFD7D}.Debug|Any CPU.ActiveCfg = Debug|Any CPU
		{42D834EC-13A3-4D62-BFB5-8FC2FBCEFD7D}.Debug|Any CPU.Build.0 = Debug|Any CPU
		{42D834EC-13A3-4D62-BFB5-8FC2FBCEFD7D}.Release|Any CPU.ActiveCfg = Release|Any CPU
		{42D834EC-13A3-4D62-BFB5-8FC2FBCEFD7D}.Release|Any CPU.Build.0 = Release|Any CPU
	EndGlobalSection
	GlobalSection(SolutionProperties) = preSolution
		HideSolutionNode = FALSE
	EndGlobalSection
	GlobalSection(ExtensibilityGlobals) = postSolution
		SolutionGuid = {A02DF1D2-A860-48A2-86A6-832017615AFA}
	EndGlobalSection
EndGlobal
